
Microsoft Visual Studio Solution File, Format Version 12.00
# Visual Studio Version 17
VisualStudioVersion = 17.6.33815.320
MinimumVisualStudioVersion = 10.0.40219.1
Project("{FAE04EC0-301F-11D3-BF4B-00C04F79EFBC}") = "Atividade C# 2023", "Atividade C# 2023\Atividade C# 2023.csproj", "{2C90CB25-F01B-4658-8CCF-819D58E42114}"
EndProject
Global
	GlobalSection(SolutionConfigurationPlatforms) = preSolution
		Debug|Any CPU = Debug|Any CPU
		Release|Any CPU = Release|Any CPU
	EndGlobalSection
	GlobalSection(ProjectConfigurationPlatforms) = postSolution
		{2C90CB25-F01B-4658-8CCF-819D58E42114}.Debug|Any CPU.ActiveCfg = Debug|Any CPU
		{2C90CB25-F01B-4658-8CCF-819D58E42114}.Debug|Any CPU.Build.0 = Debug|Any CPU
		{2C90CB25-F01B-4658-8CCF-819D58E42114}.Release|Any CPU.ActiveCfg = Release|Any CPU
		{2C90CB25-F01B-4658-8CCF-819D58E42114}.Release|Any CPU.Build.0 = Release|Any CPU
	EndGlobalSection
	GlobalSection(SolutionProperties) = preSolution
		HideSolutionNode = FALSE
	EndGlobalSection
	GlobalSection(ExtensibilityGlobals) = postSolution
		SolutionGuid = {53F043C2-B322-4B91-9997-D3817DFBA941}
	EndGlobalSection
EndGlobal
